{
  "name": "surface_crn",
  "version": "1.0.0",
  "lockfileVersion": 1,
  "requires": true,
  "dependencies": {
    "random": {
      "version": "3.0.6",
      "resolved": "https://registry.npmjs.org/random/-/random-3.0.6.tgz",
      "integrity": "sha512-B53pp/8eFBxULg6sfQgjjmy3vZ2CWVt0Nk4OgkSpvmAf3VXfcEUgGASbNWbXiTiExWe8hCIf5HlddNHzrte9jg==",
      "requires": {
        "seedrandom": "^3.0.5"
      }
    },
    "seedrandom": {
      "version": "3.0.5",
      "resolved": "https://registry.npmjs.org/seedrandom/-/seedrandom-3.0.5.tgz",
      "integrity": "sha512-8OwmbklUNzwezjGInmZ+2clQmExQPvomqjL7LFqOYqtmuxRgQYqOD3mHaU+MvZn5FLUeVxVfQjwLZW/n/JFuqg=="
    },
    "ts-priority-queue": {
      "version": "0.1.1",
      "resolved": "https://registry.npmjs.org/ts-priority-queue/-/ts-priority-queue-0.1.1.tgz",
      "integrity": "sha512-jNwbk4ItfTHVopnlQ/Z7UUlbF1TNsdXS2cb1W8kI6lm8UauIjs8CYSOEh1E/yrIEhl+HVFUMp60ma6fKuvBhBQ=="
    }
  }
}
